// !$*UTF8*$!
{
	archiveVersion = 1;
	classes = {
	};
	objectVersion = 50;
	objects = {

/* Begin PBXBuildFile section */
		F63CA64C24AA6BFD003355E5 /* xo.mp3 in Resources */ = {isa = PBXBuildFile; fileRef = F63CA64B24AA6BFC003355E5 /* xo.mp3 */; };
		F6B6830A24A7D8AC00FCFFF1 /* AppDelegate.swift in Sources */ = {isa = PBXBuildFile; fileRef = F6B6830924A7D8AC00FCFFF1 /* AppDelegate.swift */; };
		F6B6830C24A7D8AC00FCFFF1 /* SceneDelegate.swift in Sources */ = {isa = PBXBuildFile; fileRef = F6B6830B24A7D8AC00FCFFF1 /* SceneDelegate.swift */; };
		F6B6830E24A7D8AC00FCFFF1 /* ViewController.swift in Sources */ = {isa = PBXBuildFile; fileRef = F6B6830D24A7D8AC00FCFFF1 /* ViewController.swift */; };
		F6B6831124A7D8AC00FCFFF1 /* Main.storyboard in Resources */ = {isa = PBXBuildFile; fileRef = F6B6830F24A7D8AC00FCFFF1 /* Main.storyboard */; };
		F6B6831324A7D8B000FCFFF1 /* Assets.xcassets in Resources */ = {isa = PBXBuildFile; fileRef = F6B6831224A7D8B000FCFFF1 /* Assets.xcassets */; };
		F6B6831624A7D8B000FCFFF1 /* LaunchScreen.storyboard in Resources */ = {isa = PBXBuildFile; fileRef = F6B6831424A7D8B000FCFFF1 /* LaunchScreen.storyboard */; };
/* End PBXBuildFile section */

/* Begin PBXFileReference section */
		F63CA64B24AA6BFC003355E5 /* xo.mp3 */ = {isa = PBXFileReference; lastKnownFileType = audio.mp3; path = xo.mp3; sourceTree = "<group>"; };
		F6B6830624A7D8AC00FCFFF1 /* ios-xo-cw.app */ = {isa = PBXFileReference; explicitFileType = wrapper.application; includeInIndex = 0; path = "ios-xo-cw.app"; sourceTree = BUILT_PRODUCTS_DIR; };
		F6B6830924A7D8AC00FCFFF1 /* AppDelegate.swift */ = {isa = PBXFileReference; lastKnownFileType = sourcecode.swift; path = AppDelegate.swift; sourceTree = "<group>"; };
		F6B6830B24A7D8AC00FCFFF1 /* SceneDelegate.swift */ = {isa = PBXFileReference; lastKnownFileType = sourcecode.swift; path = SceneDelegate.swift; sourceTree = "<group>"; };
		F6B6830D24A7D8AC00FCFFF1 /* ViewController.swift */ = {isa = PBXFileReference; lastKnownFileType = sourcecode.swift; path = ViewController.swift; sourceTree = "<group>"; };
		F6B6831024A7D8AC00FCFFF1 /* Base */ = {isa = PBXFileReference; lastKnownFileType = file.storyboard; name = Base; path = Base.lproj/Main.storyboard; sourceTree = "<group>"; };
		F6B6831224A7D8B000FCFFF1 /* Assets.xcassets */ = {isa = PBXFileReference; lastKnownFileType = folder.assetcatalog; path = Assets.xcassets; sourceTree = "<group>"; };
		F6B6831524A7D8B000FCFFF1 /* Base */ = {isa = PBXFileReference; lastKnownFileType = file.storyboard; name = Base; path = Base.lproj/LaunchScreen.storyboard; sourceTree = "<group>"; };
		F6B6831724A7D8B000FCFFF1 /* Info.plist */ = {isa = PBXFileReference; lastKnownFileType = text.plist.xml; path = Info.plist; sourceTree = "<group>"; };
/* End PBXFileReference section */

/* Begin PBXFrameworksBuildPhase section */
		F6B6830324A7D8AC00FCFFF1 /* Frameworks */ = {
			isa = PBXFrameworksBuildPhase;
			buildActionMask = 2147483647;
			files = (
			);
			runOnlyForDeploymentPostprocessing = 0;
		};
/* End PBXFrameworksBuildPhase section */

/* Begin PBXGroup section */
		F6B682FD24A7D8AC00FCFFF1 = {
			isa = PBXGroup;
			children = (
				F6B6830824A7D8AC00FCFFF1 /* ios-xo-cw */,
				F6B6830724A7D8AC00FCFFF1 /* Products */,
			);
			sourceTree = "<group>";
		};
		F6B6830724A7D8AC00FCFFF1 /* Products */ = {
			isa = PBXGroup;
			children = (
				F6B6830624A7D8AC00FCFFF1 /* ios-xo-cw.app */,
			);
			name = Products;
			sourceTree = "<group>";
		};
		F6B6830824A7D8AC00FCFFF1 /* ios-xo-cw */ = {
			isa = PBXGroup;
			children = (
				F63CA64B24AA6BFC003355E5 /* xo.mp3 */,
				F6B6830924A7D8AC00FCFFF1 /* AppDelegate.swift */,
				F6B6830B24A7D8AC00FCFFF1 /* SceneDelegate.swift */,
				F6B6830D24A7D8AC00FCFFF1 /* ViewController.swift */,
				F6B6830F24A7D8AC00FCFFF1 /* Main.storyboard */,
				F6B6831224A7D8B000FCFFF1 /* Assets.xcassets */,
				F6B6831424A7D8B000FCFFF1 /* LaunchScreen.storyboard */,
				F6B6831724A7D8B000FCFFF1 /* Info.plist */,
			);
			path = "ios-xo-cw";
			sourceTree = "<group>";
		};
/* End PBXGroup section */

/* Begin PBXNativeTarget section */
		F6B6830524A7D8AC00FCFFF1 /* ios-xo-cw */ = {
			isa = PBXNativeTarget;
			buildConfigurationList = F6B6831A24A7D8B000FCFFF1 /* Build configuration list for PBXNativeTarget "ios-xo-cw" */;
			buildPhases = (
				F6B6830224A7D8AC00FCFFF1 /* Sources */,
				F6B6830324A7D8AC00FCFFF1 /* Frameworks */,
				F6B6830424A7D8AC00FCFFF1 /* Resources */,
			);
			buildRules = (
			);
			dependencies = (
			);
			name = "ios-xo-cw";
			productName = "ios-xo-cw";
			productReference = F6B6830624A7D8AC00FCFFF1 /* ios-xo-cw.app */;
			productType = "com.apple.product-type.application";
		};
/* End PBXNativeTarget section */

/* Begin PBXProject section */
		F6B682FE24A7D8AC00FCFFF1 /* Project object */ = {
			isa = PBXProject;
			attributes = {
				LastSwiftUpdateCheck = 1150;
				LastUpgradeCheck = 1150;
				ORGANIZATIONNAME = 7ooriCodes;
				TargetAttributes = {
					F6B6830524A7D8AC00FCFFF1 = {
						CreatedOnToolsVersion = 11.5;
					};
				};
			};
			buildConfigurationList = F6B6830124A7D8AC00FCFFF1 /* Build configuration list for PBXProject "ios-xo-cw" */;
			compatibilityVersion = "Xcode 9.3";
			developmentRegion = en;
			hasScannedForEncodings = 0;
			knownRegions = (
				en,
				Base,
			);
			mainGroup = F6B682FD24A7D8AC00FCFFF1;
			productRefGroup = F6B6830724A7D8AC00FCFFF1 /* Products */;
			projectDirPath = "";
			projectRoot = "";
			targets = (
				F6B6830524A7D8AC00FCFFF1 /* ios-xo-cw */,
			);
		};
/* End PBXProject section */

/* Begin PBXResourcesBuildPhase section */
		F6B6830424A7D8AC00FCFFF1 /* Resources */ = {
			isa = PBXResourcesBuildPhase;
			buildActionMask = 2147483647;
			files = (
				F6B6831624A7D8B000FCFFF1 /* LaunchScreen.storyboard in Resources */,
				F6B6831324A7D8B000FCFFF1 /* Assets.xcassets in Resources */,
				F6B6831124A7D8AC00FCFFF1 /* Main.storyboard in Resources */,
				F63CA64C24AA6BFD003355E5 /* xo.mp3 in Resources */,
			);
			runOnlyForDeploymentPostprocessing = 0;
		};
/* End PBXResourcesBuildPhase section */

/* Begin PBXSourcesBuildPhase section */
		F6B6830224A7D8AC00FCFFF1 /* Sources */ = {
			isa = PBXSourcesBuildPhase;
			buildActionMask = 2147483647;
			files = (
				F6B6830E24A7D8AC00FCFFF1 /* ViewController.swift in Sources */,
				F6B6830A24A7D8AC00FCFFF1 /* AppDelegate.swift in Sources */,
				F6B6830C24A7D8AC00FCFFF1 /* SceneDelegate.swift in Sources */,
			);
			runOnlyForDeploymentPostprocessing = 0;
		};
/* End PBXSourcesBuildPhase section */

/* Begin PBXVariantGroup section */
		F6B6830F24A7D8AC00FCFFF1 /* Main.storyboard */ = {
			isa = PBXVariantGroup;
			children = (
				F6B6831024A7D8AC00FCFFF1 /* Base */,
			);
			name = Main.storyboard;
			sourceTree = "<group>";
		};
		F6B6831424A7D8B000FCFFF1 /* LaunchScreen.storyboard */ = {
			isa = PBXVariantGroup;
			children = (
				F6B6831524A7D8B000FCFFF1 /* Base */,
			);
			name = LaunchScreen.storyboard;
			sourceTree = "<group>";
		};
/* End PBXVariantGroup section */

/* Begin XCBuildConfiguration section */
		F6B6831824A7D8B000FCFFF1 /* Debug */ = {
			isa = XCBuildConfiguration;
			buildSettings = {
				ALWAYS_SEARCH_USER_PATHS = NO;
				CLANG_ANALYZER_NONNULL = YES;
				CLANG_ANALYZER_NUMBER_OBJECT_CONVERSION = YES_AGGRESSIVE;
				CLANG_CXX_LANGUAGE_STANDARD = "gnu++14";
				CLANG_CXX_LIBRARY = "libc++";
				CLANG_ENABLE_MODULES = YES;
				CLANG_ENABLE_OBJC_ARC = YES;
				CLANG_ENABLE_OBJC_WEAK = YES;
				CLANG_WARN_BLOCK_CAPTURE_AUTORELEASING = YES;
				CLANG_WARN_BOOL_CONVERSION = YES;
				CLANG_WARN_COMMA = YES;
				CLANG_WARN_CONSTANT_CONVERSION = YES;
				CLANG_WARN_DEPRECATED_OBJC_IMPLEMENTATIONS = YES;
				CLANG_WARN_DIRECT_OBJC_ISA_USAGE = YES_ERROR;
				CLANG_WARN_DOCUMENTATION_COMMENTS = YES;
				CLANG_WARN_EMPTY_BODY = YES;
				CLANG_WARN_ENUM_CONVERSION = YES;
				CLANG_WARN_INFINITE_RECURSION = YES;
				CLANG_WARN_INT_CONVERSION = YES;
				CLANG_WARN_NON_LITERAL_NULL_CONVERSION = YES;
				CLANG_WARN_OBJC_IMPLICIT_RETAIN_SELF = YES;
				CLANG_WARN_OBJC_LITERAL_CONVERSION = YES;
				CLANG_WARN_OBJC_ROOT_CLASS = YES_ERROR;
				CLANG_WARN_RANGE_LOOP_ANALYSIS = YES;
				CLANG_WARN_STRICT_PROTOTYPES = YES;
				CLANG_WARN_SUSPICIOUS_MOVE = YES;
				CLANG_WARN_UNGUARDED_AVAILABILITY = YES_AGGRESSIVE;
				CLANG_WARN_UNREACHABLE_CODE = YES;
				CLANG_WARN__DUPLICATE_METHOD_MATCH = YES;
				COPY_PHASE_STRIP = NO;
				DEBUG_INFORMATION_FORMAT = dwarf;
				ENABLE_STRICT_OBJC_MSGSEND = YES;
				ENABLE_TESTABILITY = YES;
				GCC_C_LANGUAGE_STANDARD = gnu11;
				GCC_DYNAMIC_NO_PIC = NO;
				GCC_NO_COMMON_BLOCKS = YES;
				GCC_OPTIMIZATION_LEVEL = 0;
				GCC_PREPROCESSOR_DEFINITIONS = (
					"DEBUG=1",
					"$(inherited)",
				);
				GCC_WARN_64_TO_32_BIT_CONVERSION = YES;
				GCC_WARN_ABOUT_RETURN_TYPE = YES_ERROR;
				GCC_WARN_UNDECLARED_SELECTOR = YES;
				GCC_WARN_UNINITIALIZED_AUTOS = YES_AGGRESSIVE;
				GCC_WARN_UNUSED_FUNCTION = YES;
				GCC_WARN_UNUSED_VARIABLE = YES;
				IPHONEOS_DEPLOYMENT_TARGET = 13.5;
				MTL_ENABLE_DEBUG_INFO = INCLUDE_SOURCE;
				MTL_FAST_MATH = YES;
				ONLY_ACTIVE_ARCH = YES;
				SDKROOT = iphoneos;
				SWIFT_ACTIVE_COMPILATION_CONDITIONS = DEBUG;
				SWIFT_OPTIMIZATION_LEVEL = "-Onone";
			};
			name = Debug;
		};
		F6B6831924A7D8B000FCFFF1 /* Release */ = {
			isa = XCBuildConfiguration;
			buildSettings = {
				ALWAYS_SEARCH_USER_PATHS = NO;
				CLANG_ANALYZER_NONNULL = YES;
				CLANG_ANALYZER_NUMBER_OBJECT_CONVERSION = YES_AGGRESSIVE;
				CLANG_CXX_LANGUAGE_STANDARD = "gnu++14";
				CLANG_CXX_LIBRARY = "libc++";
				CLANG_ENABLE_MODULES = YES;
				CLANG_ENABLE_OBJC_ARC = YES;
				CLANG_ENABLE_OBJC_WEAK = YES;
				CLANG_WARN_BLOCK_CAPTURE_AUTORELEASING = YES;
				CLANG_WARN_BOOL_CONVERSION = YES;
				CLANG_WARN_COMMA = YES;
				CLANG_WARN_CONSTANT_CONVERSION = YES;
				CLANG_WARN_DEPRECATED_OBJC_IMPLEMENTATIONS = YES;
				CLANG_WARN_DIRECT_OBJC_ISA_USAGE = YES_ERROR;
				CLANG_WARN_DOCUMENTATION_COMMENTS = YES;
				CLANG_WARN_EMPTY_BODY = YES;
				CLANG_WARN_ENUM_CONVERSION = YES;
				CLANG_WARN_INFINITE_RECURSION = YES;
				CLANG_WARN_INT_CONVERSION = YES;
				CLANG_WARN_NON_LITERAL_NULL_CONVERSION = YES;
				CLANG_WARN_OBJC_IMPLICIT_RETAIN_SELF = YES;
				CLANG_WARN_OBJC_LITERAL_CONVERSION = YES;
				CLANG_WARN_OBJC_ROOT_CLASS = YES_ERROR;
				CLANG_WARN_RANGE_LOOP_ANALYSIS = YES;
				CLANG_WARN_STRICT_PROTOTYPES = YES;
				CLANG_WARN_SUSPICIOUS_MOVE = YES;
				CLANG_WARN_UNGUARDED_AVAILABILITY = YES_AGGRESSIVE;
				CLANG_WARN_UNREACHABLE_CODE = YES;
				CLANG_WARN__DUPLICATE_METHOD_MATCH = YES;
				COPY_PHASE_STRIP = NO;
				DEBUG_INFORMATION_FORMAT = "dwarf-with-dsym";
				ENABLE_NS_ASSERTIONS = NO;
				ENABLE_STRICT_OBJC_MSGSEND = YES;
				GCC_C_LANGUAGE_STANDARD = gnu11;
				GCC_NO_COMMON_BLOCKS = YES;
				GCC_WARN_64_TO_32_BIT_CONVERSION = YES;
				GCC_WARN_ABOUT_RETURN_TYPE = YES_ERROR;
				GCC_WARN_UNDECLARED_SELECTOR = YES;
				GCC_WARN_UNINITIALIZED_AUTOS = YES_AGGRESSIVE;
				GCC_WARN_UNUSED_FUNCTION = YES;
				GCC_WARN_UNUSED_VARIABLE = YES;
				IPHONEOS_DEPLOYMENT_TARGET = 13.5;
				MTL_ENABLE_DEBUG_INFO = NO;
				MTL_FAST_MATH = YES;
				SDKROOT = iphoneos;
				SWIFT_COMPILATION_MODE = wholemodule;
				SWIFT_OPTIMIZATION_LEVEL = "-O";
				VALIDATE_PRODUCT = YES;
			};
			name = Release;
		};
		F6B6831B24A7D8B000FCFFF1 /* Debug */ = {
			isa = XCBuildConfiguration;
			buildSettings = {
				ASSETCATALOG_COMPILER_APPICON_NAME = AppIcon;
				CODE_SIGN_STYLE = Automatic;
				DEVELOPMENT_TEAM = MAV2P58YDK;
				INFOPLIST_FILE = "ios-xo-cw/Info.plist";
				LD_RUNPATH_SEARCH_PATHS = (
					"$(inherited)",
					"@executable_path/Frameworks",
				);
				PRODUCT_BUNDLE_IDENTIFIER = "com.hoor.ios-xo-cw";
				PRODUCT_NAME = "$(TARGET_NAME)";
				SWIFT_VERSION = 5.0;
				TARGETED_DEVICE_FAMILY = "1,2";
			};
			name = Debug;
		};
		F6B6831C24A7D8B000FCFFF1 /* Release */ = {
			isa = XCBuildConfiguration;
			buildSettings = {
				ASSETCATALOG_COMPILER_APPICON_NAME = AppIcon;
				CODE_SIGN_STYLE = Automatic;
				DEVELOPMENT_TEAM = MAV2P58YDK;
				INFOPLIST_FILE = "ios-xo-cw/Info.plist";
				LD_RUNPATH_SEARCH_PATHS = (
					"$(inherited)",
					"@executable_path/Frameworks",
				);
				PRODUCT_BUNDLE_IDENTIFIER = "com.hoor.ios-xo-cw";
				PRODUCT_NAME = "$(TARGET_NAME)";
				SWIFT_VERSION = 5.0;
				TARGETED_DEVICE_FAMILY = "1,2";
			};
			name = Release;
		};
/* End XCBuildConfiguration section */

/* Begin XCConfigurationList section */
		F6B6830124A7D8AC00FCFFF1 /* Build configuration list for PBXProject "ios-xo-cw" */ = {
			isa = XCConfigurationList;
			buildConfigurations = (
				F6B6831824A7D8B000FCFFF1 /* Debug */,
				F6B6831924A7D8B000FCFFF1 /* Release */,
			);
			defaultConfigurationIsVisible = 0;
			defaultConfigurationName = Release;
		};
		F6B6831A24A7D8B000FCFFF1 /* Build configuration list for PBXNativeTarget "ios-xo-cw" */ = {
			isa = XCConfigurationList;
			buildConfigurations = (
				F6B6831B24A7D8B000FCFFF1 /* Debug */,
				F6B6831C24A7D8B000FCFFF1 /* Release */,
			);
			defaultConfigurationIsVisible = 0;
			defaultConfigurationName = Release;
		};
/* End XCConfigurationList section */
	};
	rootObject = F6B682FE24A7D8AC00FCFFF1 /* Project object */;
}
